
Microsoft Visual Studio Solution File, Format Version 12.00
# Visual Studio Version 17
VisualStudioVersion = 17.0.31903.59
MinimumVisualStudioVersion = 10.0.40219.1
Project("{2150E333-8FDC-42A3-9474-1A3956D46DE8}") = "src", "src", "{827E0CD3-B72D-47B6-A68D-7590B98EB39B}"
EndProject
Project("{FAE04EC0-301F-11D3-BF4B-00C04F79EFBC}") = "MiniPdf", "src\MiniPdf\MiniPdf.csproj", "{A8AA5506-CA13-4967-812B-9D74279B8977}"
EndProject
Project("{2150E333-8FDC-42A3-9474-1A3956D46DE8}") = "tests", "tests", "{0AB3BF05-4346-4AA6-1389-037BE0695223}"
EndProject
Project("{FAE04EC0-301F-11D3-BF4B-00C04F79EFBC}") = "MiniPdf.Tests", "tests\MiniPdf.Tests\MiniPdf.Tests.csproj", "{2AEA72E4-ACB0-4C4F-B7BD-869D8258D379}"
EndProject
Project("{FAE04EC0-301F-11D3-BF4B-00C04F79EFBC}") = "MiniPdf.Cli", "src\MiniPdf.Cli\MiniPdf.Cli.csproj", "{DCCAF065-1F7A-4525-AE0F-E508442E1D7C}"
EndProject
Project("{FAE04EC0-301F-11D3-BF4B-00C04F79EFBC}") = "MiniPdf.Gui", "src\MiniPdf.Gui\MiniPdf.Gui.csproj", "{87E9EC72-E06F-423F-8103-B95050269F18}"
EndProject
Global
	GlobalSection(SolutionConfigurationPlatforms) = preSolution
		Debug|Any CPU = Debug|Any CPU
		Debug|x64 = Debug|x64
		Debug|x86 = Debug|x86
		Release|Any CPU = Release|Any CPU
		Release|x64 = Release|x64
		Release|x86 = Release|x86
	EndGlobalSection
	GlobalSection(ProjectConfigurationPlatforms) = postSolution
		{A8AA5506-CA13-4967-812B-9D74279B8977}.Debug|Any CPU.ActiveCfg = Debug|Any CPU
		{A8AA5506-CA13-4967-812B-9D74279B8977}.Debug|Any CPU.Build.0 = Debug|Any CPU
		{A8AA5506-CA13-4967-812B-9D74279B8977}.Debug|x64.ActiveCfg = Debug|Any CPU
		{A8AA5506-CA13-4967-812B-9D74279B8977}.Debug|x64.Build.0 = Debug|Any CPU
		{A8AA5506-CA13-4967-812B-9D74279B8977}.Debug|x86.ActiveCfg = Debug|Any CPU
		{A8AA5506-CA13-4967-812B-9D74279B8977}.Debug|x86.Build.0 = Debug|Any CPU
		{A8AA5506-CA13-4967-812B-9D74279B8977}.Release|Any CPU.ActiveCfg = Release|Any CPU
		{A8AA5506-CA13-4967-812B-9D74279B8977}.Release|Any CPU.Build.0 = Release|Any CPU
		{A8AA5506-CA13-4967-812B-9D74279B8977}.Release|x64.ActiveCfg = Release|Any CPU
		{A8AA5506-CA13-4967-812B-9D74279B8977}.Release|x64.Build.0 = Release|Any CPU
		{A8AA5506-CA13-4967-812B-9D74279B8977}.Release|x86.ActiveCfg = Release|Any CPU
		{A8AA5506-CA13-4967-812B-9D74279B8977}.Release|x86.Build.0 = Release|Any CPU
		{2AEA72E4-ACB0-4C4F-B7BD-869D8258D379}.Debug|Any CPU.ActiveCfg = Debug|Any CPU
		{2AEA72E4-ACB0-4C4F-B7BD-869D8258D379}.Debug|Any CPU.Build.0 = Debug|Any CPU
		{2AEA72E4-ACB0-4C4F-B7BD-869D8258D379}.Debug|x64.ActiveCfg = Debug|Any CPU
		{2AEA72E4-ACB0-4C4F-B7BD-869D8258D379}.Debug|x64.Build.0 = Debug|Any CPU
		{2AEA72E4-ACB0-4C4F-B7BD-869D8258D379}.Debug|x86.ActiveCfg = Debug|Any CPU
		{2AEA72E4-ACB0-4C4F-B7BD-869D8258D379}.Debug|x86.Build.0 = Debug|Any CPU
		{2AEA72E4-ACB0-4C4F-B7BD-869D8258D379}.Release|Any CPU.ActiveCfg = Release|Any CPU
		{2AEA72E4-ACB0-4C4F-B7BD-869D8258D379}.Release|Any CPU.Build.0 = Release|Any CPU
		{2AEA72E4-ACB0-4C4F-B7BD-869D8258D379}.Release|x64.ActiveCfg = Release|Any CPU
		{2AEA72E4-ACB0-4C4F-B7BD-869D8258D379}.Release|x64.Build.0 = Release|Any CPU
		{2AEA72E4-ACB0-4C4F-B7BD-869D8258D379}.Release|x86.ActiveCfg = Release|Any CPU
		{2AEA72E4-ACB0-4C4F-B7BD-869D8258D379}.Release|x86.Build.0 = Release|Any CPU
		{DCCAF065-1F7A-4525-AE0F-E508442E1D7C}.Debug|Any CPU.ActiveCfg = Debug|Any CPU
		{DCCAF065-1F7A-4525-AE0F-E508442E1D7C}.Debug|Any CPU.Build.0 = Debug|Any CPU
		{DCCAF065-1F7A-4525-AE0F-E508442E1D7C}.Debug|x64.ActiveCfg = Debug|Any CPU
		{DCCAF065-1F7A-4525-AE0F-E508442E1D7C}.Debug|x64.Build.0 = Debug|Any CPU
		{DCCAF065-1F7A-4525-AE0F-E508442E1D7C}.Debug|x86.ActiveCfg = Debug|Any CPU
		{DCCAF065-1F7A-4525-AE0F-E508442E1D7C}.Debug|x86.Build.0 = Debug|Any CPU
		{DCCAF065-1F7A-4525-AE0F-E508442E1D7C}.Release|Any CPU.ActiveCfg = Release|Any CPU
		{DCCAF065-1F7A-4525-AE0F-E508442E1D7C}.Release|Any CPU.Build.0 = Release|Any CPU
		{DCCAF065-1F7A-4525-AE0F-E508442E1D7C}.Release|x64.ActiveCfg = Release|Any CPU
		{DCCAF065-1F7A-4525-AE0F-E508442E1D7C}.Release|x64.Build.0 = Release|Any CPU
		{DCCAF065-1F7A-4525-AE0F-E508442E1D7C}.Release|x86.ActiveCfg = Release|Any CPU
		{DCCAF065-1F7A-4525-AE0F-E508442E1D7C}.Release|x86.Build.0 = Release|Any CPU
		{87E9EC72-E06F-423F-8103-B95050269F18}.Debug|Any CPU.ActiveCfg = Debug|Any CPU
		{87E9EC72-E06F-423F-8103-B95050269F18}.Debug|Any CPU.Build.0 = Debug|Any CPU
		{87E9EC72-E06F-423F-8103-B95050269F18}.Debug|x64.ActiveCfg = Debug|Any CPU
		{87E9EC72-E06F-423F-8103-B95050269F18}.Debug|x64.Build.0 = Debug|Any CPU
		{87E9EC72-E06F-423F-8103-B95050269F18}.Debug|x86.ActiveCfg = Debug|Any CPU
		{87E9EC72-E06F-423F-8103-B95050269F18}.Debug|x86.Build.0 = Debug|Any CPU
		{87E9EC72-E06F-423F-8103-B95050269F18}.Release|Any CPU.ActiveCfg = Release|Any CPU
		{87E9EC72-E06F-423F-8103-B95050269F18}.Release|Any CPU.Build.0 = Release|Any CPU
		{87E9EC72-E06F-423F-8103-B95050269F18}.Release|x64.ActiveCfg = Release|Any CPU
		{87E9EC72-E06F-423F-8103-B95050269F18}.Release|x64.Build.0 = Release|Any CPU
		{87E9EC72-E06F-423F-8103-B95050269F18}.Release|x86.ActiveCfg = Release|Any CPU
		{87E9EC72-E06F-423F-8103-B95050269F18}.Release|x86.Build.0 = Release|Any CPU
	EndGlobalSection
	GlobalSection(SolutionProperties) = preSolution
		HideSolutionNode = FALSE
	EndGlobalSection
	GlobalSection(NestedProjects) = preSolution
		{A8AA5506-CA13-4967-812B-9D74279B8977} = {827E0CD3-B72D-47B6-A68D-7590B98EB39B}
		{2AEA72E4-ACB0-4C4F-B7BD-869D8258D379} = {0AB3BF05-4346-4AA6-1389-037BE0695223}
		{DCCAF065-1F7A-4525-AE0F-E508442E1D7C} = {827E0CD3-B72D-47B6-A68D-7590B98EB39B}
		{87E9EC72-E06F-423F-8103-B95050269F18} = {827E0CD3-B72D-47B6-A68D-7590B98EB39B}
	EndGlobalSection
EndGlobal
